// !$*UTF8*$!
{
	archiveVersion = 1;
	classes = {
	};
	objectVersion = 56;
	objects = {

/* Begin PBXBuildFile section */
		86DF32B528D63B3100F30F3A /* AppDelegate.swift in Sources */ = {isa = PBXBuildFile; fileRef = 86DF32B428D63B3100F30F3A /* AppDelegate.swift */; };
		86DF32BE28D63B3200F30F3A /* Assets.xcassets in Resources */ = {isa = PBXBuildFile; fileRef = 86DF32BD28D63B3200F30F3A /* Assets.xcassets */; };
		86DF32C128D63B3200F30F3A /* LaunchScreen.storyboard in Resources */ = {isa = PBXBuildFile; fileRef = 86DF32BF28D63B3200F30F3A /* LaunchScreen.storyboard */; };
		86DF32CF28D63C3C00F30F3A /* AppCoordinator.swift in Sources */ = {isa = PBXBuildFile; fileRef = 86DF32CE28D63C3C00F30F3A /* AppCoordinator.swift */; };
		86DF32D128D63C8E00F30F3A /* Coordinating.swift in Sources */ = {isa = PBXBuildFile; fileRef = 86DF32D028D63C8E00F30F3A /* Coordinating.swift */; };
		86DF32D328D63CE100F30F3A /* TabBarCoordinator.swift in Sources */ = {isa = PBXBuildFile; fileRef = 86DF32D228D63CE100F30F3A /* TabBarCoordinator.swift */; };
/* End PBXBuildFile section */

/* Begin PBXFileReference section */
		86DF32B128D63B3100F30F3A /* TrueUkrainian.app */ = {isa = PBXFileReference; explicitFileType = wrapper.application; includeInIndex = 0; path = TrueUkrainian.app; sourceTree = BUILT_PRODUCTS_DIR; };
		86DF32B428D63B3100F30F3A /* AppDelegate.swift */ = {isa = PBXFileReference; lastKnownFileType = sourcecode.swift; path = AppDelegate.swift; sourceTree = "<group>"; };
		86DF32BD28D63B3200F30F3A /* Assets.xcassets */ = {isa = PBXFileReference; lastKnownFileType = folder.assetcatalog; path = Assets.xcassets; sourceTree = "<group>"; };
		86DF32C028D63B3200F30F3A /* Base */ = {isa = PBXFileReference; lastKnownFileType = file.storyboard; name = Base; path = Base.lproj/LaunchScreen.storyboard; sourceTree = "<group>"; };
		86DF32C228D63B3200F30F3A /* Info.plist */ = {isa = PBXFileReference; lastKnownFileType = text.plist.xml; path = Info.plist; sourceTree = "<group>"; };
		86DF32CE28D63C3C00F30F3A /* AppCoordinator.swift */ = {isa = PBXFileReference; lastKnownFileType = sourcecode.swift; path = AppCoordinator.swift; sourceTree = "<group>"; };
		86DF32D028D63C8E00F30F3A /* Coordinating.swift */ = {isa = PBXFileReference; lastKnownFileType = sourcecode.swift; path = Coordinating.swift; sourceTree = "<group>"; };
		86DF32D228D63CE100F30F3A /* TabBarCoordinator.swift */ = {isa = PBXFileReference; lastKnownFileType = sourcecode.swift; path = TabBarCoordinator.swift; sourceTree = "<group>"; };
/* End PBXFileReference section */

/* Begin PBXFrameworksBuildPhase section */
		86DF32AE28D63B3100F30F3A /* Frameworks */ = {
			isa = PBXFrameworksBuildPhase;
			buildActionMask = 2147483647;
			files = (
			);
			runOnlyForDeploymentPostprocessing = 0;
		};
/* End PBXFrameworksBuildPhase section */

/* Begin PBXGroup section */
		86DF32A828D63B3100F30F3A = {
			isa = PBXGroup;
			children = (
				86DF32B328D63B3100F30F3A /* TrueUkrainian */,
				86DF32B228D63B3100F30F3A /* Products */,
			);
			sourceTree = "<group>";
		};
		86DF32B228D63B3100F30F3A /* Products */ = {
			isa = PBXGroup;
			children = (
				86DF32B128D63B3100F30F3A /* TrueUkrainian.app */,
			);
			name = Products;
			sourceTree = "<group>";
		};
		86DF32B328D63B3100F30F3A /* TrueUkrainian */ = {
			isa = PBXGroup;
			children = (
				86DF32CD28D63C2A00F30F3A /* Routing */,
				86DF32CC28D63B7700F30F3A /* Helpers */,
				86DF32CB28D63B6800F30F3A /* BusinessLogic */,
				86DF32CA28D63B6000F30F3A /* Screens */,
				86DF32C928D63B5400F30F3A /* DomainModels */,
				86DF32C828D63B5000F30F3A /* App */,
			);
			path = TrueUkrainian;
			sourceTree = "<group>";
		};
		86DF32C828D63B5000F30F3A /* App */ = {
			isa = PBXGroup;
			children = (
				86DF32B428D63B3100F30F3A /* AppDelegate.swift */,
				86DF32BD28D63B3200F30F3A /* Assets.xcassets */,
				86DF32BF28D63B3200F30F3A /* LaunchScreen.storyboard */,
				86DF32C228D63B3200F30F3A /* Info.plist */,
			);
			path = App;
			sourceTree = "<group>";
		};
		86DF32C928D63B5400F30F3A /* DomainModels */ = {
			isa = PBXGroup;
			children = (
			);
			path = DomainModels;
			sourceTree = "<group>";
		};
		86DF32CA28D63B6000F30F3A /* Screens */ = {
			isa = PBXGroup;
			children = (
			);
			path = Screens;
			sourceTree = "<group>";
		};
		86DF32CB28D63B6800F30F3A /* BusinessLogic */ = {
			isa = PBXGroup;
			children = (
			);
			path = BusinessLogic;
			sourceTree = "<group>";
		};
		86DF32CC28D63B7700F30F3A /* Helpers */ = {
			isa = PBXGroup;
			children = (
			);
			path = Helpers;
			sourceTree = "<group>";
		};
		86DF32CD28D63C2A00F30F3A /* Routing */ = {
			isa = PBXGroup;
			children = (
				86DF32CE28D63C3C00F30F3A /* AppCoordinator.swift */,
				86DF32D228D63CE100F30F3A /* TabBarCoordinator.swift */,
				86DF32D028D63C8E00F30F3A /* Coordinating.swift */,
			);
			path = Routing;
			sourceTree = "<group>";
		};
/* End PBXGroup section */

/* Begin PBXNativeTarget section */
		86DF32B028D63B3100F30F3A /* TrueUkrainian */ = {
			isa = PBXNativeTarget;
			buildConfigurationList = 86DF32C528D63B3200F30F3A /* Build configuration list for PBXNativeTarget "TrueUkrainian" */;
			buildPhases = (
				86DF32AD28D63B3100F30F3A /* Sources */,
				86DF32AE28D63B3100F30F3A /* Frameworks */,
				86DF32AF28D63B3100F30F3A /* Resources */,
			);
			buildRules = (
			);
			dependencies = (
			);
			name = TrueUkrainian;
			productName = TrueUkrainian;
			productReference = 86DF32B128D63B3100F30F3A /* TrueUkrainian.app */;
			productType = "com.apple.product-type.application";
		};
/* End PBXNativeTarget section */

/* Begin PBXProject section */
		86DF32A928D63B3100F30F3A /* Project object */ = {
			isa = PBXProject;
			attributes = {
				BuildIndependentTargetsInParallel = 1;
				LastSwiftUpdateCheck = 1400;
				LastUpgradeCheck = 1400;
				TargetAttributes = {
					86DF32B028D63B3100F30F3A = {
						CreatedOnToolsVersion = 14.0;
					};
				};
			};
			buildConfigurationList = 86DF32AC28D63B3100F30F3A /* Build configuration list for PBXProject "TrueUkrainian" */;
			compatibilityVersion = "Xcode 14.0";
			developmentRegion = en;
			hasScannedForEncodings = 0;
			knownRegions = (
				en,
				Base,
			);
			mainGroup = 86DF32A828D63B3100F30F3A;
			productRefGroup = 86DF32B228D63B3100F30F3A /* Products */;
			projectDirPath = "";
			projectRoot = "";
			targets = (
				86DF32B028D63B3100F30F3A /* TrueUkrainian */,
			);
		};
/* End PBXProject section */

/* Begin PBXResourcesBuildPhase section */
		86DF32AF28D63B3100F30F3A /* Resources */ = {
			isa = PBXResourcesBuildPhase;
			buildActionMask = 2147483647;
			files = (
				86DF32C128D63B3200F30F3A /* LaunchScreen.storyboard in Resources */,
				86DF32BE28D63B3200F30F3A /* Assets.xcassets in Resources */,
			);
			runOnlyForDeploymentPostprocessing = 0;
		};
/* End PBXResourcesBuildPhase section */

/* Begin PBXSourcesBuildPhase section */
		86DF32AD28D63B3100F30F3A /* Sources */ = {
			isa = PBXSourcesBuildPhase;
			buildActionMask = 2147483647;
			files = (
				86DF32CF28D63C3C00F30F3A /* AppCoordinator.swift in Sources */,
				86DF32D128D63C8E00F30F3A /* Coordinating.swift in Sources */,
				86DF32D328D63CE100F30F3A /* TabBarCoordinator.swift in Sources */,
				86DF32B528D63B3100F30F3A /* AppDelegate.swift in Sources */,
			);
			runOnlyForDeploymentPostprocessing = 0;
		};
/* End PBXSourcesBuildPhase section */

/* Begin PBXVariantGroup section */
		86DF32BF28D63B3200F30F3A /* LaunchScreen.storyboard */ = {
			isa = PBXVariantGroup;
			children = (
				86DF32C028D63B3200F30F3A /* Base */,
			);
			name = LaunchScreen.storyboard;
			sourceTree = "<group>";
		};
/* End PBXVariantGroup section */

/* Begin XCBuildConfiguration section */
		86DF32C328D63B3200F30F3A /* Debug */ = {
			isa = XCBuildConfiguration;
			buildSettings = {
				ALWAYS_SEARCH_USER_PATHS = NO;
				CLANG_ANALYZER_NONNULL = YES;
				CLANG_ANALYZER_NUMBER_OBJECT_CONVERSION = YES_AGGRESSIVE;
				CLANG_CXX_LANGUAGE_STANDARD = "gnu++20";
				CLANG_ENABLE_MODULES = YES;
				CLANG_ENABLE_OBJC_ARC = YES;
				CLANG_ENABLE_OBJC_WEAK = YES;
				CLANG_WARN_BLOCK_CAPTURE_AUTORELEASING = YES;
				CLANG_WARN_BOOL_CONVERSION = YES;
				CLANG_WARN_COMMA = YES;
				CLANG_WARN_CONSTANT_CONVERSION = YES;
				CLANG_WARN_DEPRECATED_OBJC_IMPLEMENTATIONS = YES;
				CLANG_WARN_DIRECT_OBJC_ISA_USAGE = YES_ERROR;
				CLANG_WARN_DOCUMENTATION_COMMENTS = YES;
				CLANG_WARN_EMPTY_BODY = YES;
				CLANG_WARN_ENUM_CONVERSION = YES;
				CLANG_WARN_INFINITE_RECURSION = YES;
				CLANG_WARN_INT_CONVERSION = YES;
				CLANG_WARN_NON_LITERAL_NULL_CONVERSION = YES;
				CLANG_WARN_OBJC_IMPLICIT_RETAIN_SELF = YES;
				CLANG_WARN_OBJC_LITERAL_CONVERSION = YES;
				CLANG_WARN_OBJC_ROOT_CLASS = YES_ERROR;
				CLANG_WARN_QUOTED_INCLUDE_IN_FRAMEWORK_HEADER = YES;
				CLANG_WARN_RANGE_LOOP_ANALYSIS = YES;
				CLANG_WARN_STRICT_PROTOTYPES = YES;
				CLANG_WARN_SUSPICIOUS_MOVE = YES;
				CLANG_WARN_UNGUARDED_AVAILABILITY = YES_AGGRESSIVE;
				CLANG_WARN_UNREACHABLE_CODE = YES;
				CLANG_WARN__DUPLICATE_METHOD_MATCH = YES;
				COPY_PHASE_STRIP = NO;
				DEBUG_INFORMATION_FORMAT = dwarf;
				ENABLE_STRICT_OBJC_MSGSEND = YES;
				ENABLE_TESTABILITY = YES;
				GCC_C_LANGUAGE_STANDARD = gnu11;
				GCC_DYNAMIC_NO_PIC = NO;
				GCC_NO_COMMON_BLOCKS = YES;
				GCC_OPTIMIZATION_LEVEL = 0;
				GCC_PREPROCESSOR_DEFINITIONS = (
					"DEBUG=1",
					"$(inherited)",
				);
				GCC_WARN_64_TO_32_BIT_CONVERSION = YES;
				GCC_WARN_ABOUT_RETURN_TYPE = YES_ERROR;
				GCC_WARN_UNDECLARED_SELECTOR = YES;
				GCC_WARN_UNINITIALIZED_AUTOS = YES_AGGRESSIVE;
				GCC_WARN_UNUSED_FUNCTION = YES;
				GCC_WARN_UNUSED_VARIABLE = YES;
				IPHONEOS_DEPLOYMENT_TARGET = 16.0;
				MTL_ENABLE_DEBUG_INFO = INCLUDE_SOURCE;
				MTL_FAST_MATH = YES;
				ONLY_ACTIVE_ARCH = YES;
				SDKROOT = iphoneos;
				SWIFT_ACTIVE_COMPILATION_CONDITIONS = DEBUG;
				SWIFT_OPTIMIZATION_LEVEL = "-Onone";
			};
			name = Debug;
		};
		86DF32C428D63B3200F30F3A /* Release */ = {
			isa = XCBuildConfiguration;
			buildSettings = {
				ALWAYS_SEARCH_USER_PATHS = NO;
				CLANG_ANALYZER_NONNULL = YES;
				CLANG_ANALYZER_NUMBER_OBJECT_CONVERSION = YES_AGGRESSIVE;
				CLANG_CXX_LANGUAGE_STANDARD = "gnu++20";
				CLANG_ENABLE_MODULES = YES;
				CLANG_ENABLE_OBJC_ARC = YES;
				CLANG_ENABLE_OBJC_WEAK = YES;
				CLANG_WARN_BLOCK_CAPTURE_AUTORELEASING = YES;
				CLANG_WARN_BOOL_CONVERSION = YES;
				CLANG_WARN_COMMA = YES;
				CLANG_WARN_CONSTANT_CONVERSION = YES;
				CLANG_WARN_DEPRECATED_OBJC_IMPLEMENTATIONS = YES;
				CLANG_WARN_DIRECT_OBJC_ISA_USAGE = YES_ERROR;
				CLANG_WARN_DOCUMENTATION_COMMENTS = YES;
				CLANG_WARN_EMPTY_BODY = YES;
				CLANG_WARN_ENUM_CONVERSION = YES;
				CLANG_WARN_INFINITE_RECURSION = YES;
				CLANG_WARN_INT_CONVERSION = YES;
				CLANG_WARN_NON_LITERAL_NULL_CONVERSION = YES;
				CLANG_WARN_OBJC_IMPLICIT_RETAIN_SELF = YES;
				CLANG_WARN_OBJC_LITERAL_CONVERSION = YES;
				CLANG_WARN_OBJC_ROOT_CLASS = YES_ERROR;
				CLANG_WARN_QUOTED_INCLUDE_IN_FRAMEWORK_HEADER = YES;
				CLANG_WARN_RANGE_LOOP_ANALYSIS = YES;
				CLANG_WARN_STRICT_PROTOTYPES = YES;
				CLANG_WARN_SUSPICIOUS_MOVE = YES;
				CLANG_WARN_UNGUARDED_AVAILABILITY = YES_AGGRESSIVE;
				CLANG_WARN_UNREACHABLE_CODE = YES;
				CLANG_WARN__DUPLICATE_METHOD_MATCH = YES;
				COPY_PHASE_STRIP = NO;
				DEBUG_INFORMATION_FORMAT = "dwarf-with-dsym";
				ENABLE_NS_ASSERTIONS = NO;
				ENABLE_STRICT_OBJC_MSGSEND = YES;
				GCC_C_LANGUAGE_STANDARD = gnu11;
				GCC_NO_COMMON_BLOCKS = YES;
				GCC_WARN_64_TO_32_BIT_CONVERSION = YES;
				GCC_WARN_ABOUT_RETURN_TYPE = YES_ERROR;
				GCC_WARN_UNDECLARED_SELECTOR = YES;
				GCC_WARN_UNINITIALIZED_AUTOS = YES_AGGRESSIVE;
				GCC_WARN_UNUSED_FUNCTION = YES;
				GCC_WARN_UNUSED_VARIABLE = YES;
				IPHONEOS_DEPLOYMENT_TARGET = 16.0;
				MTL_ENABLE_DEBUG_INFO = NO;
				MTL_FAST_MATH = YES;
				SDKROOT = iphoneos;
				SWIFT_COMPILATION_MODE = wholemodule;
				SWIFT_OPTIMIZATION_LEVEL = "-O";
				VALIDATE_PRODUCT = YES;
			};
			name = Release;
		};
		86DF32C628D63B3200F30F3A /* Debug */ = {
			isa = XCBuildConfiguration;
			buildSettings = {
				ASSETCATALOG_COMPILER_APPICON_NAME = AppIcon;
				ASSETCATALOG_COMPILER_GLOBAL_ACCENT_COLOR_NAME = AccentColor;
				CODE_SIGN_STYLE = Automatic;
				CURRENT_PROJECT_VERSION = 1;
				DEVELOPMENT_TEAM = ESG9RMF2GN;
				GENERATE_INFOPLIST_FILE = YES;
				INFOPLIST_FILE = TrueUkrainian/Info.plist;
				INFOPLIST_KEY_CFBundleDisplayName = "True Ukrainian";
				INFOPLIST_KEY_UIApplicationSupportsIndirectInputEvents = YES;
				INFOPLIST_KEY_UILaunchStoryboardName = LaunchScreen;
				INFOPLIST_KEY_UISupportedInterfaceOrientations = UIInterfaceOrientationPortrait;
				LD_RUNPATH_SEARCH_PATHS = (
					"$(inherited)",
					"@executable_path/Frameworks",
				);
				MARKETING_VERSION = 1.0;
				PRODUCT_BUNDLE_IDENTIFIER = com.uptech.TrueUkrainian;
				PRODUCT_NAME = "$(TARGET_NAME)";
				SUPPORTED_PLATFORMS = "iphoneos iphonesimulator";
				SUPPORTS_MACCATALYST = NO;
				SUPPORTS_MAC_DESIGNED_FOR_IPHONE_IPAD = NO;
				SWIFT_EMIT_LOC_STRINGS = YES;
				SWIFT_VERSION = 5.0;
				TARGETED_DEVICE_FAMILY = 1;
			};
			name = Debug;
		};
		86DF32C728D63B3200F30F3A /* Release */ = {
			isa = XCBuildConfiguration;
			buildSettings = {
				ASSETCATALOG_COMPILER_APPICON_NAME = AppIcon;
				ASSETCATALOG_COMPILER_GLOBAL_ACCENT_COLOR_NAME = AccentColor;
				CODE_SIGN_STYLE = Automatic;
				CURRENT_PROJECT_VERSION = 1;
				DEVELOPMENT_TEAM = ESG9RMF2GN;
				GENERATE_INFOPLIST_FILE = YES;
				INFOPLIST_FILE = TrueUkrainian/Info.plist;
				INFOPLIST_KEY_CFBundleDisplayName = "True Ukrainian";
				INFOPLIST_KEY_UIApplicationSupportsIndirectInputEvents = YES;
				INFOPLIST_KEY_UILaunchStoryboardName = LaunchScreen;
				INFOPLIST_KEY_UISupportedInterfaceOrientations = UIInterfaceOrientationPortrait;
				LD_RUNPATH_SEARCH_PATHS = (
					"$(inherited)",
					"@executable_path/Frameworks",
				);
				MARKETING_VERSION = 1.0;
				PRODUCT_BUNDLE_IDENTIFIER = com.uptech.TrueUkrainian;
				PRODUCT_NAME = "$(TARGET_NAME)";
				SUPPORTED_PLATFORMS = "iphoneos iphonesimulator";
				SUPPORTS_MACCATALYST = NO;
				SUPPORTS_MAC_DESIGNED_FOR_IPHONE_IPAD = NO;
				SWIFT_EMIT_LOC_STRINGS = YES;
				SWIFT_VERSION = 5.0;
				TARGETED_DEVICE_FAMILY = 1;
			};
			name = Release;
		};
/* End XCBuildConfiguration section */

/* Begin XCConfigurationList section */
		86DF32AC28D63B3100F30F3A /* Build configuration list for PBXProject "TrueUkrainian" */ = {
			isa = XCConfigurationList;
			buildConfigurations = (
				86DF32C328D63B3200F30F3A /* Debug */,
				86DF32C428D63B3200F30F3A /* Release */,
			);
			defaultConfigurationIsVisible = 0;
			defaultConfigurationName = Release;
		};
		86DF32C528D63B3200F30F3A /* Build configuration list for PBXNativeTarget "TrueUkrainian" */ = {
			isa = XCConfigurationList;
			buildConfigurations = (
				86DF32C628D63B3200F30F3A /* Debug */,
				86DF32C728D63B3200F30F3A /* Release */,
			);
			defaultConfigurationIsVisible = 0;
			defaultConfigurationName = Release;
		};
/* End XCConfigurationList section */
	};
	rootObject = 86DF32A928D63B3100F30F3A /* Project object */;
}
