// !$*UTF8*$!
{
	archiveVersion = 1;
	classes = {
	};
	objectVersion = 56;
	objects = {

/* Begin PBXBuildFile section */
		86DF32B528D63B3100F30F3A /* AppDelegate.swift in Sources */ = {isa = PBXBuildFile; fileRef = 86DF32B428D63B3100F30F3A /* AppDelegate.swift */; };
		86DF32BE28D63B3200F30F3A /* Assets.xcassets in Resources */ = {isa = PBXBuildFile; fileRef = 86DF32BD28D63B3200F30F3A /* Assets.xcassets */; };
		86DF32C128D63B3200F30F3A /* LaunchScreen.storyboard in Resources */ = {isa = PBXBuildFile; fileRef = 86DF32BF28D63B3200F30F3A /* LaunchScreen.storyboard */; };
		86DF32CF28D63C3C00F30F3A /* AppCoordinator.swift in Sources */ = {isa = PBXBuildFile; fileRef = 86DF32CE28D63C3C00F30F3A /* AppCoordinator.swift */; };
		86DF32D128D63C8E00F30F3A /* Coordinating.swift in Sources */ = {isa = PBXBuildFile; fileRef = 86DF32D028D63C8E00F30F3A /* Coordinating.swift */; };
		86DF32D328D63CE100F30F3A /* TabBarCoordinator.swift in Sources */ = {isa = PBXBuildFile; fileRef = 86DF32D228D63CE100F30F3A /* TabBarCoordinator.swift */; };
		86DF32D528D63DE300F30F3A /* KnowledgeCoordinator.swift in Sources */ = {isa = PBXBuildFile; fileRef = 86DF32D428D63DE300F30F3A /* KnowledgeCoordinator.swift */; };
		86DF32D728D63DE800F30F3A /* HomeCoordinator.swift in Sources */ = {isa = PBXBuildFile; fileRef = 86DF32D628D63DE800F30F3A /* HomeCoordinator.swift */; };
		86DF32D928D63DEE00F30F3A /* ProfileCoordinator.swift in Sources */ = {isa = PBXBuildFile; fileRef = 86DF32D828D63DEE00F30F3A /* ProfileCoordinator.swift */; };
		86DF32F828D63F1900F30F3A /* ProfileViewController.swift in Sources */ = {isa = PBXBuildFile; fileRef = 86DF32E128D63F1900F30F3A /* ProfileViewController.swift */; };
		86DF32F928D63F1900F30F3A /* ProfileView.swift in Sources */ = {isa = PBXBuildFile; fileRef = 86DF32E328D63F1900F30F3A /* ProfileView.swift */; };
		86DF32FA28D63F1900F30F3A /* ProfileProps.swift in Sources */ = {isa = PBXBuildFile; fileRef = 86DF32E528D63F1900F30F3A /* ProfileProps.swift */; };
		86DF32FB28D63F1900F30F3A /* ProfileStore.swift in Sources */ = {isa = PBXBuildFile; fileRef = 86DF32E628D63F1900F30F3A /* ProfileStore.swift */; };
		86DF32FC28D63F1900F30F3A /* ProfileActionCreator.swift in Sources */ = {isa = PBXBuildFile; fileRef = 86DF32E728D63F1900F30F3A /* ProfileActionCreator.swift */; };
		86DF32FD28D63F1900F30F3A /* HomeViewController.swift in Sources */ = {isa = PBXBuildFile; fileRef = 86DF32E928D63F1900F30F3A /* HomeViewController.swift */; };
		86DF32FE28D63F1900F30F3A /* HomeView.swift in Sources */ = {isa = PBXBuildFile; fileRef = 86DF32EB28D63F1900F30F3A /* HomeView.swift */; };
		86DF32FF28D63F1900F30F3A /* HomeStore.swift in Sources */ = {isa = PBXBuildFile; fileRef = 86DF32ED28D63F1900F30F3A /* HomeStore.swift */; };
		86DF330028D63F1900F30F3A /* HomeProps.swift in Sources */ = {isa = PBXBuildFile; fileRef = 86DF32EE28D63F1900F30F3A /* HomeProps.swift */; };
		86DF330128D63F1900F30F3A /* HomeActionCreator.swift in Sources */ = {isa = PBXBuildFile; fileRef = 86DF32EF28D63F1900F30F3A /* HomeActionCreator.swift */; };
		86DF330228D63F1900F30F3A /* KnowledgeViewController.swift in Sources */ = {isa = PBXBuildFile; fileRef = 86DF32F128D63F1900F30F3A /* KnowledgeViewController.swift */; };
		86DF330328D63F1900F30F3A /* KnowledgeView.swift in Sources */ = {isa = PBXBuildFile; fileRef = 86DF32F328D63F1900F30F3A /* KnowledgeView.swift */; };
		86DF330428D63F1900F30F3A /* KnowledgeActionCreator.swift in Sources */ = {isa = PBXBuildFile; fileRef = 86DF32F528D63F1900F30F3A /* KnowledgeActionCreator.swift */; };
		86DF330528D63F1900F30F3A /* KnowledgeStore.swift in Sources */ = {isa = PBXBuildFile; fileRef = 86DF32F628D63F1900F30F3A /* KnowledgeStore.swift */; };
		86DF330628D63F1900F30F3A /* KnowledgeProps.swift in Sources */ = {isa = PBXBuildFile; fileRef = 86DF32F728D63F1900F30F3A /* KnowledgeProps.swift */; };
		86DF330828D63F4800F30F3A /* Redux.swift in Sources */ = {isa = PBXBuildFile; fileRef = 86DF330728D63F4800F30F3A /* Redux.swift */; };
		86DF330A28D63FA600F30F3A /* AnyIdentifiable.swift in Sources */ = {isa = PBXBuildFile; fileRef = 86DF330928D63FA600F30F3A /* AnyIdentifiable.swift */; };
		86DF330C28D6412B00F30F3A /* CALayer+TU.swift in Sources */ = {isa = PBXBuildFile; fileRef = 86DF330B28D6412B00F30F3A /* CALayer+TU.swift */; };
		86DF330E28D6415100F30F3A /* UIView+TU.swift in Sources */ = {isa = PBXBuildFile; fileRef = 86DF330D28D6415100F30F3A /* UIView+TU.swift */; };
		86DF331128D6464700F30F3A /* UIImage+Generated.swift in Sources */ = {isa = PBXBuildFile; fileRef = 86DF331028D6464700F30F3A /* UIImage+Generated.swift */; };
		86DF331328D6492500F30F3A /* UIColor+Generated.swift in Sources */ = {isa = PBXBuildFile; fileRef = 86DF331228D6492500F30F3A /* UIColor+Generated.swift */; };
		86DF331528D64C5F00F30F3A /* HomeCategoryView.swift in Sources */ = {isa = PBXBuildFile; fileRef = 86DF331428D64C5F00F30F3A /* HomeCategoryView.swift */; };
		86DF331728D64E8500F30F3A /* Category.swift in Sources */ = {isa = PBXBuildFile; fileRef = 86DF331628D64E8500F30F3A /* Category.swift */; };
		86DF332528D64F1200F30F3A /* CategoryViewController.swift in Sources */ = {isa = PBXBuildFile; fileRef = 86DF331D28D64F1200F30F3A /* CategoryViewController.swift */; };
		86DF332628D64F1200F30F3A /* CategoryView.swift in Sources */ = {isa = PBXBuildFile; fileRef = 86DF331F28D64F1200F30F3A /* CategoryView.swift */; };
		86DF332728D64F1200F30F3A /* CategoryActionCreator.swift in Sources */ = {isa = PBXBuildFile; fileRef = 86DF332128D64F1200F30F3A /* CategoryActionCreator.swift */; };
		86DF332828D64F1200F30F3A /* CategoryProps.swift in Sources */ = {isa = PBXBuildFile; fileRef = 86DF332228D64F1200F30F3A /* CategoryProps.swift */; };
		86DF332928D64F1200F30F3A /* CategoryStore.swift in Sources */ = {isa = PBXBuildFile; fileRef = 86DF332328D64F1200F30F3A /* CategoryStore.swift */; };
		86DF332D28D664C900F30F3A /* BaseNavigationController.swift in Sources */ = {isa = PBXBuildFile; fileRef = 86DF332C28D664C900F30F3A /* BaseNavigationController.swift */; };
		86DF332F28D6682F00F30F3A /* KnowledgeCategoryTypeView.swift in Sources */ = {isa = PBXBuildFile; fileRef = 86DF332E28D6682F00F30F3A /* KnowledgeCategoryTypeView.swift */; };
		86DF333C28D66AEF00F30F3A /* KnowledgeCategoryViewController.swift in Sources */ = {isa = PBXBuildFile; fileRef = 86DF333428D66AEF00F30F3A /* KnowledgeCategoryViewController.swift */; };
		86DF333D28D66AEF00F30F3A /* KnowledgeCategoryView.swift in Sources */ = {isa = PBXBuildFile; fileRef = 86DF333628D66AEF00F30F3A /* KnowledgeCategoryView.swift */; };
		86DF333E28D66AEF00F30F3A /* KnowledgeCategoryStore.swift in Sources */ = {isa = PBXBuildFile; fileRef = 86DF333828D66AEF00F30F3A /* KnowledgeCategoryStore.swift */; };
		86DF333F28D66AEF00F30F3A /* KnowledgeCategoryActionCreator.swift in Sources */ = {isa = PBXBuildFile; fileRef = 86DF333928D66AEF00F30F3A /* KnowledgeCategoryActionCreator.swift */; };
		86DF334028D66AEF00F30F3A /* KnowledgeCategoryProps.swift in Sources */ = {isa = PBXBuildFile; fileRef = 86DF333A28D66AEF00F30F3A /* KnowledgeCategoryProps.swift */; };
		86F636C228D6CCD9002C85CA /* CategorySettingsView.swift in Sources */ = {isa = PBXBuildFile; fileRef = 86F636C128D6CCD9002C85CA /* CategorySettingsView.swift */; };
		86F636C428D6CDD4002C85CA /* Button.swift in Sources */ = {isa = PBXBuildFile; fileRef = 86F636C328D6CDD4002C85CA /* Button.swift */; };
		86F636D028D6D054002C85CA /* QuestionViewController.swift in Sources */ = {isa = PBXBuildFile; fileRef = 86F636C828D6D054002C85CA /* QuestionViewController.swift */; };
		86F636D128D6D054002C85CA /* QuestionView.swift in Sources */ = {isa = PBXBuildFile; fileRef = 86F636CA28D6D054002C85CA /* QuestionView.swift */; };
		86F636D328D6D054002C85CA /* QuestionActionCreator.swift in Sources */ = {isa = PBXBuildFile; fileRef = 86F636CD28D6D054002C85CA /* QuestionActionCreator.swift */; };
		86F636D428D6D054002C85CA /* QuestionProps.swift in Sources */ = {isa = PBXBuildFile; fileRef = 86F636CE28D6D054002C85CA /* QuestionProps.swift */; };
		86F636D528D6D054002C85CA /* QuestionStore.swift in Sources */ = {isa = PBXBuildFile; fileRef = 86F636CF28D6D054002C85CA /* QuestionStore.swift */; };
		86F636D728D6D314002C85CA /* ProgressView.swift in Sources */ = {isa = PBXBuildFile; fileRef = 86F636D628D6D314002C85CA /* ProgressView.swift */; };
		86F636D928D6D62F002C85CA /* QuestionInfoView.swift in Sources */ = {isa = PBXBuildFile; fileRef = 86F636D828D6D62F002C85CA /* QuestionInfoView.swift */; };
		86F636DB28D6D6E8002C85CA /* QuestionAnswerView.swift in Sources */ = {isa = PBXBuildFile; fileRef = 86F636DA28D6D6E8002C85CA /* QuestionAnswerView.swift */; };
		86F636DD28D6DC70002C85CA /* Quiz.swift in Sources */ = {isa = PBXBuildFile; fileRef = 86F636DC28D6DC70002C85CA /* Quiz.swift */; };
		86F636DF28D6DD18002C85CA /* QuizProvider.swift in Sources */ = {isa = PBXBuildFile; fileRef = 86F636DE28D6DD18002C85CA /* QuizProvider.swift */; };
		86F636E128D6DE6A002C85CA /* ActiveQuiz.swift in Sources */ = {isa = PBXBuildFile; fileRef = 86F636E028D6DE6A002C85CA /* ActiveQuiz.swift */; };
		86F636E428D6E7EC002C85CA /* AlertViewController.swift in Sources */ = {isa = PBXBuildFile; fileRef = 86F636E328D6E7EC002C85CA /* AlertViewController.swift */; };
		86F636E628D6E7F7002C85CA /* AlertView.swift in Sources */ = {isa = PBXBuildFile; fileRef = 86F636E528D6E7F7002C85CA /* AlertView.swift */; };
		86F636E828D6E809002C85CA /* AlertContentView.swift in Sources */ = {isa = PBXBuildFile; fileRef = 86F636E728D6E809002C85CA /* AlertContentView.swift */; };
		86F636F628D6EBF8002C85CA /* CongratsViewController.swift in Sources */ = {isa = PBXBuildFile; fileRef = 86F636EE28D6EBF8002C85CA /* CongratsViewController.swift */; };
		86F636F728D6EBF8002C85CA /* CongratsView.swift in Sources */ = {isa = PBXBuildFile; fileRef = 86F636F028D6EBF8002C85CA /* CongratsView.swift */; };
		86F636F828D6EBF8002C85CA /* CongratsActionCreator.swift in Sources */ = {isa = PBXBuildFile; fileRef = 86F636F228D6EBF8002C85CA /* CongratsActionCreator.swift */; };
		86F636F928D6EBF8002C85CA /* CongratsProps.swift in Sources */ = {isa = PBXBuildFile; fileRef = 86F636F328D6EBF8002C85CA /* CongratsProps.swift */; };
		86F636FA28D6EBF8002C85CA /* CongratsStore.swift in Sources */ = {isa = PBXBuildFile; fileRef = 86F636F428D6EBF8002C85CA /* CongratsStore.swift */; };
		86F636FE28D6F220002C85CA /* CongratsProgressView.swift in Sources */ = {isa = PBXBuildFile; fileRef = 86F636FD28D6F220002C85CA /* CongratsProgressView.swift */; };
		86F6370B28D6F74E002C85CA /* ResultsViewController.swift in Sources */ = {isa = PBXBuildFile; fileRef = 86F6370328D6F74E002C85CA /* ResultsViewController.swift */; };
		86F6370C28D6F74E002C85CA /* ResultsView.swift in Sources */ = {isa = PBXBuildFile; fileRef = 86F6370528D6F74E002C85CA /* ResultsView.swift */; };
		86F6370D28D6F74E002C85CA /* ResultsProps.swift in Sources */ = {isa = PBXBuildFile; fileRef = 86F6370728D6F74E002C85CA /* ResultsProps.swift */; };
		86F6370E28D6F74E002C85CA /* ResultsStore.swift in Sources */ = {isa = PBXBuildFile; fileRef = 86F6370828D6F74E002C85CA /* ResultsStore.swift */; };
		86F6370F28D6F74E002C85CA /* ResultsActionCreator.swift in Sources */ = {isa = PBXBuildFile; fileRef = 86F6370928D6F74E002C85CA /* ResultsActionCreator.swift */; };
		86F6371328D6F8AF002C85CA /* ResultsitemCell.swift in Sources */ = {isa = PBXBuildFile; fileRef = 86F6371228D6F8AF002C85CA /* ResultsitemCell.swift */; };
		86F6371528D6F8C1002C85CA /* ReusableCell.swift in Sources */ = {isa = PBXBuildFile; fileRef = 86F6371428D6F8C1002C85CA /* ReusableCell.swift */; };
		86F6371728D6F8D9002C85CA /* UICollectionView+TU.swift in Sources */ = {isa = PBXBuildFile; fileRef = 86F6371628D6F8D9002C85CA /* UICollectionView+TU.swift */; };
		86F6371928D6F8EB002C85CA /* UICollectionViewDiffableDataSource+TU.swift in Sources */ = {isa = PBXBuildFile; fileRef = 86F6371828D6F8EB002C85CA /* UICollectionViewDiffableDataSource+TU.swift */; };
		86F6371B28D6FF5F002C85CA /* String+TU.swift in Sources */ = {isa = PBXBuildFile; fileRef = 86F6371A28D6FF5F002C85CA /* String+TU.swift */; };
		A12FBEE828D706FE008D62CB /* DeadRussionViewController.swift in Sources */ = {isa = PBXBuildFile; fileRef = A12FBEE728D706FE008D62CB /* DeadRussionViewController.swift */; };
		A12FBEEA28D7070A008D62CB /* DeadRussionView.swift in Sources */ = {isa = PBXBuildFile; fileRef = A12FBEE928D7070A008D62CB /* DeadRussionView.swift */; };
		A154185328D6EEB6001C4137 /* ProfileAvatarView.swift in Sources */ = {isa = PBXBuildFile; fileRef = A154185228D6EEB6001C4137 /* ProfileAvatarView.swift */; };
		A154185528D6EEF1001C4137 /* ProfileRatingView.swift in Sources */ = {isa = PBXBuildFile; fileRef = A154185428D6EEF1001C4137 /* ProfileRatingView.swift */; };
		A154185728D6EF4A001C4137 /* ProfileResultView.swift in Sources */ = {isa = PBXBuildFile; fileRef = A154185628D6EF4A001C4137 /* ProfileResultView.swift */; };
/* End PBXBuildFile section */

/* Begin PBXFileReference section */
		86DF32B128D63B3100F30F3A /* TrueUkrainian.app */ = {isa = PBXFileReference; explicitFileType = wrapper.application; includeInIndex = 0; path = TrueUkrainian.app; sourceTree = BUILT_PRODUCTS_DIR; };
		86DF32B428D63B3100F30F3A /* AppDelegate.swift */ = {isa = PBXFileReference; lastKnownFileType = sourcecode.swift; path = AppDelegate.swift; sourceTree = "<group>"; };
		86DF32BD28D63B3200F30F3A /* Assets.xcassets */ = {isa = PBXFileReference; lastKnownFileType = folder.assetcatalog; path = Assets.xcassets; sourceTree = "<group>"; };
		86DF32C028D63B3200F30F3A /* Base */ = {isa = PBXFileReference; lastKnownFileType = file.storyboard; name = Base; path = Base.lproj/LaunchScreen.storyboard; sourceTree = "<group>"; };
		86DF32C228D63B3200F30F3A /* Info.plist */ = {isa = PBXFileReference; lastKnownFileType = text.plist.xml; path = Info.plist; sourceTree = "<group>"; };
		86DF32CE28D63C3C00F30F3A /* AppCoordinator.swift */ = {isa = PBXFileReference; lastKnownFileType = sourcecode.swift; path = AppCoordinator.swift; sourceTree = "<group>"; };
		86DF32D028D63C8E00F30F3A /* Coordinating.swift */ = {isa = PBXFileReference; lastKnownFileType = sourcecode.swift; path = Coordinating.swift; sourceTree = "<group>"; };
		86DF32D228D63CE100F30F3A /* TabBarCoordinator.swift */ = {isa = PBXFileReference; lastKnownFileType = sourcecode.swift; path = TabBarCoordinator.swift; sourceTree = "<group>"; };
		86DF32D428D63DE300F30F3A /* KnowledgeCoordinator.swift */ = {isa = PBXFileReference; lastKnownFileType = sourcecode.swift; path = KnowledgeCoordinator.swift; sourceTree = "<group>"; };
		86DF32D628D63DE800F30F3A /* HomeCoordinator.swift */ = {isa = PBXFileReference; lastKnownFileType = sourcecode.swift; path = HomeCoordinator.swift; sourceTree = "<group>"; };
		86DF32D828D63DEE00F30F3A /* ProfileCoordinator.swift */ = {isa = PBXFileReference; lastKnownFileType = sourcecode.swift; path = ProfileCoordinator.swift; sourceTree = "<group>"; };
		86DF32E128D63F1900F30F3A /* ProfileViewController.swift */ = {isa = PBXFileReference; fileEncoding = 4; lastKnownFileType = sourcecode.swift; path = ProfileViewController.swift; sourceTree = "<group>"; };
		86DF32E328D63F1900F30F3A /* ProfileView.swift */ = {isa = PBXFileReference; fileEncoding = 4; lastKnownFileType = sourcecode.swift; path = ProfileView.swift; sourceTree = "<group>"; };
		86DF32E528D63F1900F30F3A /* ProfileProps.swift */ = {isa = PBXFileReference; fileEncoding = 4; lastKnownFileType = sourcecode.swift; path = ProfileProps.swift; sourceTree = "<group>"; };
		86DF32E628D63F1900F30F3A /* ProfileStore.swift */ = {isa = PBXFileReference; fileEncoding = 4; lastKnownFileType = sourcecode.swift; path = ProfileStore.swift; sourceTree = "<group>"; };
		86DF32E728D63F1900F30F3A /* ProfileActionCreator.swift */ = {isa = PBXFileReference; fileEncoding = 4; lastKnownFileType = sourcecode.swift; path = ProfileActionCreator.swift; sourceTree = "<group>"; };
		86DF32E928D63F1900F30F3A /* HomeViewController.swift */ = {isa = PBXFileReference; fileEncoding = 4; lastKnownFileType = sourcecode.swift; path = HomeViewController.swift; sourceTree = "<group>"; };
		86DF32EB28D63F1900F30F3A /* HomeView.swift */ = {isa = PBXFileReference; fileEncoding = 4; lastKnownFileType = sourcecode.swift; path = HomeView.swift; sourceTree = "<group>"; };
		86DF32ED28D63F1900F30F3A /* HomeStore.swift */ = {isa = PBXFileReference; fileEncoding = 4; lastKnownFileType = sourcecode.swift; path = HomeStore.swift; sourceTree = "<group>"; };
		86DF32EE28D63F1900F30F3A /* HomeProps.swift */ = {isa = PBXFileReference; fileEncoding = 4; lastKnownFileType = sourcecode.swift; path = HomeProps.swift; sourceTree = "<group>"; };
		86DF32EF28D63F1900F30F3A /* HomeActionCreator.swift */ = {isa = PBXFileReference; fileEncoding = 4; lastKnownFileType = sourcecode.swift; path = HomeActionCreator.swift; sourceTree = "<group>"; };
		86DF32F128D63F1900F30F3A /* KnowledgeViewController.swift */ = {isa = PBXFileReference; fileEncoding = 4; lastKnownFileType = sourcecode.swift; path = KnowledgeViewController.swift; sourceTree = "<group>"; };
		86DF32F328D63F1900F30F3A /* KnowledgeView.swift */ = {isa = PBXFileReference; fileEncoding = 4; lastKnownFileType = sourcecode.swift; path = KnowledgeView.swift; sourceTree = "<group>"; };
		86DF32F528D63F1900F30F3A /* KnowledgeActionCreator.swift */ = {isa = PBXFileReference; fileEncoding = 4; lastKnownFileType = sourcecode.swift; path = KnowledgeActionCreator.swift; sourceTree = "<group>"; };
		86DF32F628D63F1900F30F3A /* KnowledgeStore.swift */ = {isa = PBXFileReference; fileEncoding = 4; lastKnownFileType = sourcecode.swift; path = KnowledgeStore.swift; sourceTree = "<group>"; };
		86DF32F728D63F1900F30F3A /* KnowledgeProps.swift */ = {isa = PBXFileReference; fileEncoding = 4; lastKnownFileType = sourcecode.swift; path = KnowledgeProps.swift; sourceTree = "<group>"; };
		86DF330728D63F4800F30F3A /* Redux.swift */ = {isa = PBXFileReference; lastKnownFileType = sourcecode.swift; path = Redux.swift; sourceTree = "<group>"; };
		86DF330928D63FA600F30F3A /* AnyIdentifiable.swift */ = {isa = PBXFileReference; lastKnownFileType = sourcecode.swift; path = AnyIdentifiable.swift; sourceTree = "<group>"; };
		86DF330B28D6412B00F30F3A /* CALayer+TU.swift */ = {isa = PBXFileReference; lastKnownFileType = sourcecode.swift; path = "CALayer+TU.swift"; sourceTree = "<group>"; };
		86DF330D28D6415100F30F3A /* UIView+TU.swift */ = {isa = PBXFileReference; lastKnownFileType = sourcecode.swift; path = "UIView+TU.swift"; sourceTree = "<group>"; };
		86DF331028D6464700F30F3A /* UIImage+Generated.swift */ = {isa = PBXFileReference; lastKnownFileType = sourcecode.swift; path = "UIImage+Generated.swift"; sourceTree = "<group>"; };
		86DF331228D6492500F30F3A /* UIColor+Generated.swift */ = {isa = PBXFileReference; lastKnownFileType = sourcecode.swift; path = "UIColor+Generated.swift"; sourceTree = "<group>"; };
		86DF331428D64C5F00F30F3A /* HomeCategoryView.swift */ = {isa = PBXFileReference; lastKnownFileType = sourcecode.swift; path = HomeCategoryView.swift; sourceTree = "<group>"; };
		86DF331628D64E8500F30F3A /* Category.swift */ = {isa = PBXFileReference; lastKnownFileType = sourcecode.swift; path = Category.swift; sourceTree = "<group>"; };
		86DF331D28D64F1200F30F3A /* CategoryViewController.swift */ = {isa = PBXFileReference; fileEncoding = 4; lastKnownFileType = sourcecode.swift; path = CategoryViewController.swift; sourceTree = "<group>"; };
		86DF331F28D64F1200F30F3A /* CategoryView.swift */ = {isa = PBXFileReference; fileEncoding = 4; lastKnownFileType = sourcecode.swift; path = CategoryView.swift; sourceTree = "<group>"; };
		86DF332128D64F1200F30F3A /* CategoryActionCreator.swift */ = {isa = PBXFileReference; fileEncoding = 4; lastKnownFileType = sourcecode.swift; path = CategoryActionCreator.swift; sourceTree = "<group>"; };
		86DF332228D64F1200F30F3A /* CategoryProps.swift */ = {isa = PBXFileReference; fileEncoding = 4; lastKnownFileType = sourcecode.swift; path = CategoryProps.swift; sourceTree = "<group>"; };
		86DF332328D64F1200F30F3A /* CategoryStore.swift */ = {isa = PBXFileReference; fileEncoding = 4; lastKnownFileType = sourcecode.swift; path = CategoryStore.swift; sourceTree = "<group>"; };
		86DF332C28D664C900F30F3A /* BaseNavigationController.swift */ = {isa = PBXFileReference; lastKnownFileType = sourcecode.swift; path = BaseNavigationController.swift; sourceTree = "<group>"; };
		86DF332E28D6682F00F30F3A /* KnowledgeCategoryTypeView.swift */ = {isa = PBXFileReference; lastKnownFileType = sourcecode.swift; path = KnowledgeCategoryTypeView.swift; sourceTree = "<group>"; };
		86DF333428D66AEF00F30F3A /* KnowledgeCategoryViewController.swift */ = {isa = PBXFileReference; fileEncoding = 4; lastKnownFileType = sourcecode.swift; path = KnowledgeCategoryViewController.swift; sourceTree = "<group>"; };
		86DF333628D66AEF00F30F3A /* KnowledgeCategoryView.swift */ = {isa = PBXFileReference; fileEncoding = 4; lastKnownFileType = sourcecode.swift; path = KnowledgeCategoryView.swift; sourceTree = "<group>"; };
		86DF333828D66AEF00F30F3A /* KnowledgeCategoryStore.swift */ = {isa = PBXFileReference; fileEncoding = 4; lastKnownFileType = sourcecode.swift; path = KnowledgeCategoryStore.swift; sourceTree = "<group>"; };
		86DF333928D66AEF00F30F3A /* KnowledgeCategoryActionCreator.swift */ = {isa = PBXFileReference; fileEncoding = 4; lastKnownFileType = sourcecode.swift; path = KnowledgeCategoryActionCreator.swift; sourceTree = "<group>"; };
		86DF333A28D66AEF00F30F3A /* KnowledgeCategoryProps.swift */ = {isa = PBXFileReference; fileEncoding = 4; lastKnownFileType = sourcecode.swift; path = KnowledgeCategoryProps.swift; sourceTree = "<group>"; };
		86F636C128D6CCD9002C85CA /* CategorySettingsView.swift */ = {isa = PBXFileReference; lastKnownFileType = sourcecode.swift; path = CategorySettingsView.swift; sourceTree = "<group>"; };
		86F636C328D6CDD4002C85CA /* Button.swift */ = {isa = PBXFileReference; lastKnownFileType = sourcecode.swift; path = Button.swift; sourceTree = "<group>"; };
		86F636C828D6D054002C85CA /* QuestionViewController.swift */ = {isa = PBXFileReference; fileEncoding = 4; lastKnownFileType = sourcecode.swift; path = QuestionViewController.swift; sourceTree = "<group>"; };
		86F636CA28D6D054002C85CA /* QuestionView.swift */ = {isa = PBXFileReference; fileEncoding = 4; lastKnownFileType = sourcecode.swift; path = QuestionView.swift; sourceTree = "<group>"; };
		86F636CD28D6D054002C85CA /* QuestionActionCreator.swift */ = {isa = PBXFileReference; fileEncoding = 4; lastKnownFileType = sourcecode.swift; path = QuestionActionCreator.swift; sourceTree = "<group>"; };
		86F636CE28D6D054002C85CA /* QuestionProps.swift */ = {isa = PBXFileReference; fileEncoding = 4; lastKnownFileType = sourcecode.swift; path = QuestionProps.swift; sourceTree = "<group>"; };
		86F636CF28D6D054002C85CA /* QuestionStore.swift */ = {isa = PBXFileReference; fileEncoding = 4; lastKnownFileType = sourcecode.swift; path = QuestionStore.swift; sourceTree = "<group>"; };
		86F636D628D6D314002C85CA /* ProgressView.swift */ = {isa = PBXFileReference; lastKnownFileType = sourcecode.swift; path = ProgressView.swift; sourceTree = "<group>"; };
		86F636D828D6D62F002C85CA /* QuestionInfoView.swift */ = {isa = PBXFileReference; lastKnownFileType = sourcecode.swift; path = QuestionInfoView.swift; sourceTree = "<group>"; };
		86F636DA28D6D6E8002C85CA /* QuestionAnswerView.swift */ = {isa = PBXFileReference; lastKnownFileType = sourcecode.swift; path = QuestionAnswerView.swift; sourceTree = "<group>"; };
		86F636DC28D6DC70002C85CA /* Quiz.swift */ = {isa = PBXFileReference; lastKnownFileType = sourcecode.swift; path = Quiz.swift; sourceTree = "<group>"; };
		86F636DE28D6DD18002C85CA /* QuizProvider.swift */ = {isa = PBXFileReference; lastKnownFileType = sourcecode.swift; path = QuizProvider.swift; sourceTree = "<group>"; };
		86F636E028D6DE6A002C85CA /* ActiveQuiz.swift */ = {isa = PBXFileReference; lastKnownFileType = sourcecode.swift; path = ActiveQuiz.swift; sourceTree = "<group>"; };
		86F636E328D6E7EC002C85CA /* AlertViewController.swift */ = {isa = PBXFileReference; lastKnownFileType = sourcecode.swift; path = AlertViewController.swift; sourceTree = "<group>"; };
		86F636E528D6E7F7002C85CA /* AlertView.swift */ = {isa = PBXFileReference; lastKnownFileType = sourcecode.swift; path = AlertView.swift; sourceTree = "<group>"; };
		86F636E728D6E809002C85CA /* AlertContentView.swift */ = {isa = PBXFileReference; lastKnownFileType = sourcecode.swift; path = AlertContentView.swift; sourceTree = "<group>"; };
		86F636EE28D6EBF8002C85CA /* CongratsViewController.swift */ = {isa = PBXFileReference; fileEncoding = 4; lastKnownFileType = sourcecode.swift; path = CongratsViewController.swift; sourceTree = "<group>"; };
		86F636F028D6EBF8002C85CA /* CongratsView.swift */ = {isa = PBXFileReference; fileEncoding = 4; lastKnownFileType = sourcecode.swift; path = CongratsView.swift; sourceTree = "<group>"; };
		86F636F228D6EBF8002C85CA /* CongratsActionCreator.swift */ = {isa = PBXFileReference; fileEncoding = 4; lastKnownFileType = sourcecode.swift; path = CongratsActionCreator.swift; sourceTree = "<group>"; };
		86F636F328D6EBF8002C85CA /* CongratsProps.swift */ = {isa = PBXFileReference; fileEncoding = 4; lastKnownFileType = sourcecode.swift; path = CongratsProps.swift; sourceTree = "<group>"; };
		86F636F428D6EBF8002C85CA /* CongratsStore.swift */ = {isa = PBXFileReference; fileEncoding = 4; lastKnownFileType = sourcecode.swift; path = CongratsStore.swift; sourceTree = "<group>"; };
		86F636FD28D6F220002C85CA /* CongratsProgressView.swift */ = {isa = PBXFileReference; lastKnownFileType = sourcecode.swift; path = CongratsProgressView.swift; sourceTree = "<group>"; };
		86F6370328D6F74E002C85CA /* ResultsViewController.swift */ = {isa = PBXFileReference; fileEncoding = 4; lastKnownFileType = sourcecode.swift; path = ResultsViewController.swift; sourceTree = "<group>"; };
		86F6370528D6F74E002C85CA /* ResultsView.swift */ = {isa = PBXFileReference; fileEncoding = 4; lastKnownFileType = sourcecode.swift; path = ResultsView.swift; sourceTree = "<group>"; };
		86F6370728D6F74E002C85CA /* ResultsProps.swift */ = {isa = PBXFileReference; fileEncoding = 4; lastKnownFileType = sourcecode.swift; path = ResultsProps.swift; sourceTree = "<group>"; };
		86F6370828D6F74E002C85CA /* ResultsStore.swift */ = {isa = PBXFileReference; fileEncoding = 4; lastKnownFileType = sourcecode.swift; path = ResultsStore.swift; sourceTree = "<group>"; };
		86F6370928D6F74E002C85CA /* ResultsActionCreator.swift */ = {isa = PBXFileReference; fileEncoding = 4; lastKnownFileType = sourcecode.swift; path = ResultsActionCreator.swift; sourceTree = "<group>"; };
		86F6371228D6F8AF002C85CA /* ResultsitemCell.swift */ = {isa = PBXFileReference; lastKnownFileType = sourcecode.swift; path = ResultsitemCell.swift; sourceTree = "<group>"; };
		86F6371428D6F8C1002C85CA /* ReusableCell.swift */ = {isa = PBXFileReference; lastKnownFileType = sourcecode.swift; path = ReusableCell.swift; sourceTree = "<group>"; };
		86F6371628D6F8D9002C85CA /* UICollectionView+TU.swift */ = {isa = PBXFileReference; lastKnownFileType = sourcecode.swift; path = "UICollectionView+TU.swift"; sourceTree = "<group>"; };
		86F6371828D6F8EB002C85CA /* UICollectionViewDiffableDataSource+TU.swift */ = {isa = PBXFileReference; lastKnownFileType = sourcecode.swift; path = "UICollectionViewDiffableDataSource+TU.swift"; sourceTree = "<group>"; };
		86F6371A28D6FF5F002C85CA /* String+TU.swift */ = {isa = PBXFileReference; lastKnownFileType = sourcecode.swift; path = "String+TU.swift"; sourceTree = "<group>"; };
		A12FBEE728D706FE008D62CB /* DeadRussionViewController.swift */ = {isa = PBXFileReference; lastKnownFileType = sourcecode.swift; path = DeadRussionViewController.swift; sourceTree = "<group>"; };
		A12FBEE928D7070A008D62CB /* DeadRussionView.swift */ = {isa = PBXFileReference; lastKnownFileType = sourcecode.swift; path = DeadRussionView.swift; sourceTree = "<group>"; };
		A154185228D6EEB6001C4137 /* ProfileAvatarView.swift */ = {isa = PBXFileReference; lastKnownFileType = sourcecode.swift; path = ProfileAvatarView.swift; sourceTree = "<group>"; };
		A154185428D6EEF1001C4137 /* ProfileRatingView.swift */ = {isa = PBXFileReference; lastKnownFileType = sourcecode.swift; path = ProfileRatingView.swift; sourceTree = "<group>"; };
		A154185628D6EF4A001C4137 /* ProfileResultView.swift */ = {isa = PBXFileReference; lastKnownFileType = sourcecode.swift; path = ProfileResultView.swift; sourceTree = "<group>"; };
/* End PBXFileReference section */

/* Begin PBXFrameworksBuildPhase section */
		86DF32AE28D63B3100F30F3A /* Frameworks */ = {
			isa = PBXFrameworksBuildPhase;
			buildActionMask = 2147483647;
			files = (
			);
			runOnlyForDeploymentPostprocessing = 0;
		};
/* End PBXFrameworksBuildPhase section */

/* Begin PBXGroup section */
		86DF32A828D63B3100F30F3A = {
			isa = PBXGroup;
			children = (
				86DF32B328D63B3100F30F3A /* TrueUkrainian */,
				86DF32B228D63B3100F30F3A /* Products */,
			);
			sourceTree = "<group>";
		};
		86DF32B228D63B3100F30F3A /* Products */ = {
			isa = PBXGroup;
			children = (
				86DF32B128D63B3100F30F3A /* TrueUkrainian.app */,
			);
			name = Products;
			sourceTree = "<group>";
		};
		86DF32B328D63B3100F30F3A /* TrueUkrainian */ = {
			isa = PBXGroup;
			children = (
				86DF32CD28D63C2A00F30F3A /* Routing */,
				86DF32CC28D63B7700F30F3A /* Helpers */,
				86DF32CB28D63B6800F30F3A /* BusinessLogic */,
				86DF32CA28D63B6000F30F3A /* Screens */,
				86DF32C928D63B5400F30F3A /* DomainModels */,
				86DF32C828D63B5000F30F3A /* App */,
			);
			path = TrueUkrainian;
			sourceTree = "<group>";
		};
		86DF32C828D63B5000F30F3A /* App */ = {
			isa = PBXGroup;
			children = (
				86DF330F28D6462200F30F3A /* Generated */,
				86DF32B428D63B3100F30F3A /* AppDelegate.swift */,
				86DF32BD28D63B3200F30F3A /* Assets.xcassets */,
				86DF32BF28D63B3200F30F3A /* LaunchScreen.storyboard */,
				86DF32C228D63B3200F30F3A /* Info.plist */,
			);
			path = App;
			sourceTree = "<group>";
		};
		86DF32C928D63B5400F30F3A /* DomainModels */ = {
			isa = PBXGroup;
			children = (
				86DF331628D64E8500F30F3A /* Category.swift */,
				86F636DC28D6DC70002C85CA /* Quiz.swift */,
				86F636E028D6DE6A002C85CA /* ActiveQuiz.swift */,
			);
			path = DomainModels;
			sourceTree = "<group>";
		};
		86DF32CA28D63B6000F30F3A /* Screens */ = {
			isa = PBXGroup;
			children = (
				A12FBEE628D706CA008D62CB /* DeadRussion */,
				86F6370128D6F74E002C85CA /* Results */,
				86F636EC28D6EBF8002C85CA /* Congrats */,
				86F636E228D6E7E0002C85CA /* Alert */,
				86F636C728D6D054002C85CA /* Question */,
				86DF333228D66AEF00F30F3A /* KnowledgeCategory */,
				86DF331B28D64F1200F30F3A /* Category */,
				86DF32E828D63F1900F30F3A /* Home */,
				86DF32F028D63F1900F30F3A /* Knowledge */,
				86DF32E028D63F1900F30F3A /* Profile */,
			);
			path = Screens;
			sourceTree = "<group>";
		};
		86DF32CB28D63B6800F30F3A /* BusinessLogic */ = {
			isa = PBXGroup;
			children = (
				86F636DE28D6DD18002C85CA /* QuizProvider.swift */,
			);
			path = BusinessLogic;
			sourceTree = "<group>";
		};
		86DF32CC28D63B7700F30F3A /* Helpers */ = {
			isa = PBXGroup;
			children = (
				86DF330728D63F4800F30F3A /* Redux.swift */,
				86DF330B28D6412B00F30F3A /* CALayer+TU.swift */,
				86DF330D28D6415100F30F3A /* UIView+TU.swift */,
				86DF330928D63FA600F30F3A /* AnyIdentifiable.swift */,
				86DF332C28D664C900F30F3A /* BaseNavigationController.swift */,
				86F636D628D6D314002C85CA /* ProgressView.swift */,
				86F636C328D6CDD4002C85CA /* Button.swift */,
				86F6371428D6F8C1002C85CA /* ReusableCell.swift */,
				86F6371A28D6FF5F002C85CA /* String+TU.swift */,
				86F6371628D6F8D9002C85CA /* UICollectionView+TU.swift */,
				86F6371828D6F8EB002C85CA /* UICollectionViewDiffableDataSource+TU.swift */,
			);
			path = Helpers;
			sourceTree = "<group>";
		};
		86DF32CD28D63C2A00F30F3A /* Routing */ = {
			isa = PBXGroup;
			children = (
				86DF32CE28D63C3C00F30F3A /* AppCoordinator.swift */,
				86DF32D428D63DE300F30F3A /* KnowledgeCoordinator.swift */,
				86DF32D628D63DE800F30F3A /* HomeCoordinator.swift */,
				86DF32D828D63DEE00F30F3A /* ProfileCoordinator.swift */,
				86DF32D228D63CE100F30F3A /* TabBarCoordinator.swift */,
				86DF32D028D63C8E00F30F3A /* Coordinating.swift */,
			);
			path = Routing;
			sourceTree = "<group>";
		};
		86DF32E028D63F1900F30F3A /* Profile */ = {
			isa = PBXGroup;
			children = (
				86DF32E128D63F1900F30F3A /* ProfileViewController.swift */,
				86DF32E228D63F1900F30F3A /* Views */,
				86DF32E428D63F1900F30F3A /* Store */,
			);
			path = Profile;
			sourceTree = "<group>";
		};
		86DF32E228D63F1900F30F3A /* Views */ = {
			isa = PBXGroup;
			children = (
				86DF32E328D63F1900F30F3A /* ProfileView.swift */,
				A154185228D6EEB6001C4137 /* ProfileAvatarView.swift */,
				A154185628D6EF4A001C4137 /* ProfileResultView.swift */,
				A154185428D6EEF1001C4137 /* ProfileRatingView.swift */,
			);
			path = Views;
			sourceTree = "<group>";
		};
		86DF32E428D63F1900F30F3A /* Store */ = {
			isa = PBXGroup;
			children = (
				86DF32E528D63F1900F30F3A /* ProfileProps.swift */,
				86DF32E628D63F1900F30F3A /* ProfileStore.swift */,
				86DF32E728D63F1900F30F3A /* ProfileActionCreator.swift */,
			);
			path = Store;
			sourceTree = "<group>";
		};
		86DF32E828D63F1900F30F3A /* Home */ = {
			isa = PBXGroup;
			children = (
				86DF32E928D63F1900F30F3A /* HomeViewController.swift */,
				86DF32EA28D63F1900F30F3A /* Views */,
				86DF32EC28D63F1900F30F3A /* Store */,
			);
			path = Home;
			sourceTree = "<group>";
		};
		86DF32EA28D63F1900F30F3A /* Views */ = {
			isa = PBXGroup;
			children = (
				86DF32EB28D63F1900F30F3A /* HomeView.swift */,
				86DF331428D64C5F00F30F3A /* HomeCategoryView.swift */,
			);
			path = Views;
			sourceTree = "<group>";
		};
		86DF32EC28D63F1900F30F3A /* Store */ = {
			isa = PBXGroup;
			children = (
				86DF32ED28D63F1900F30F3A /* HomeStore.swift */,
				86DF32EE28D63F1900F30F3A /* HomeProps.swift */,
				86DF32EF28D63F1900F30F3A /* HomeActionCreator.swift */,
			);
			path = Store;
			sourceTree = "<group>";
		};
		86DF32F028D63F1900F30F3A /* Knowledge */ = {
			isa = PBXGroup;
			children = (
				86DF32F128D63F1900F30F3A /* KnowledgeViewController.swift */,
				86DF32F228D63F1900F30F3A /* Views */,
				86DF32F428D63F1900F30F3A /* Store */,
			);
			path = Knowledge;
			sourceTree = "<group>";
		};
		86DF32F228D63F1900F30F3A /* Views */ = {
			isa = PBXGroup;
			children = (
				86DF32F328D63F1900F30F3A /* KnowledgeView.swift */,
				86DF332E28D6682F00F30F3A /* KnowledgeCategoryTypeView.swift */,
			);
			path = Views;
			sourceTree = "<group>";
		};
		86DF32F428D63F1900F30F3A /* Store */ = {
			isa = PBXGroup;
			children = (
				86DF32F528D63F1900F30F3A /* KnowledgeActionCreator.swift */,
				86DF32F628D63F1900F30F3A /* KnowledgeStore.swift */,
				86DF32F728D63F1900F30F3A /* KnowledgeProps.swift */,
			);
			path = Store;
			sourceTree = "<group>";
		};
		86DF330F28D6462200F30F3A /* Generated */ = {
			isa = PBXGroup;
			children = (
				86DF331028D6464700F30F3A /* UIImage+Generated.swift */,
				86DF331228D6492500F30F3A /* UIColor+Generated.swift */,
			);
			path = Generated;
			sourceTree = "<group>";
		};
		86DF331B28D64F1200F30F3A /* Category */ = {
			isa = PBXGroup;
			children = (
				86DF331D28D64F1200F30F3A /* CategoryViewController.swift */,
				86DF331E28D64F1200F30F3A /* Views */,
				86DF332028D64F1200F30F3A /* Store */,
			);
			path = Category;
			sourceTree = "<group>";
		};
		86DF331E28D64F1200F30F3A /* Views */ = {
			isa = PBXGroup;
			children = (
				86DF331F28D64F1200F30F3A /* CategoryView.swift */,
				86F636C128D6CCD9002C85CA /* CategorySettingsView.swift */,
			);
			path = Views;
			sourceTree = "<group>";
		};
		86DF332028D64F1200F30F3A /* Store */ = {
			isa = PBXGroup;
			children = (
				86DF332128D64F1200F30F3A /* CategoryActionCreator.swift */,
				86DF332228D64F1200F30F3A /* CategoryProps.swift */,
				86DF332328D64F1200F30F3A /* CategoryStore.swift */,
			);
			path = Store;
			sourceTree = "<group>";
		};
		86DF333228D66AEF00F30F3A /* KnowledgeCategory */ = {
			isa = PBXGroup;
			children = (
				86DF333428D66AEF00F30F3A /* KnowledgeCategoryViewController.swift */,
				86DF333528D66AEF00F30F3A /* Views */,
				86DF333728D66AEF00F30F3A /* Store */,
			);
			path = KnowledgeCategory;
			sourceTree = "<group>";
		};
		86DF333528D66AEF00F30F3A /* Views */ = {
			isa = PBXGroup;
			children = (
				86DF333628D66AEF00F30F3A /* KnowledgeCategoryView.swift */,
			);
			path = Views;
			sourceTree = "<group>";
		};
		86DF333728D66AEF00F30F3A /* Store */ = {
			isa = PBXGroup;
			children = (
				86DF333828D66AEF00F30F3A /* KnowledgeCategoryStore.swift */,
				86DF333928D66AEF00F30F3A /* KnowledgeCategoryActionCreator.swift */,
				86DF333A28D66AEF00F30F3A /* KnowledgeCategoryProps.swift */,
			);
			path = Store;
			sourceTree = "<group>";
		};
		86F636C728D6D054002C85CA /* Question */ = {
			isa = PBXGroup;
			children = (
				86F636C828D6D054002C85CA /* QuestionViewController.swift */,
				86F636C928D6D054002C85CA /* Views */,
				86F636CC28D6D054002C85CA /* Store */,
			);
			path = Question;
			sourceTree = "<group>";
		};
		86F636C928D6D054002C85CA /* Views */ = {
			isa = PBXGroup;
			children = (
				86F636CA28D6D054002C85CA /* QuestionView.swift */,
				86F636DA28D6D6E8002C85CA /* QuestionAnswerView.swift */,
				86F636D828D6D62F002C85CA /* QuestionInfoView.swift */,
			);
			path = Views;
			sourceTree = "<group>";
		};
		86F636CC28D6D054002C85CA /* Store */ = {
			isa = PBXGroup;
			children = (
				86F636CD28D6D054002C85CA /* QuestionActionCreator.swift */,
				86F636CE28D6D054002C85CA /* QuestionProps.swift */,
				86F636CF28D6D054002C85CA /* QuestionStore.swift */,
			);
			path = Store;
			sourceTree = "<group>";
		};
		86F636E228D6E7E0002C85CA /* Alert */ = {
			isa = PBXGroup;
			children = (
				86F636E328D6E7EC002C85CA /* AlertViewController.swift */,
				86F636E528D6E7F7002C85CA /* AlertView.swift */,
				86F636E728D6E809002C85CA /* AlertContentView.swift */,
			);
			path = Alert;
			sourceTree = "<group>";
		};
		86F636EC28D6EBF8002C85CA /* Congrats */ = {
			isa = PBXGroup;
			children = (
				86F636EE28D6EBF8002C85CA /* CongratsViewController.swift */,
				86F636EF28D6EBF8002C85CA /* Views */,
				86F636F128D6EBF8002C85CA /* Store */,
			);
			path = Congrats;
			sourceTree = "<group>";
		};
		86F636EF28D6EBF8002C85CA /* Views */ = {
			isa = PBXGroup;
			children = (
				86F636F028D6EBF8002C85CA /* CongratsView.swift */,
				86F636FD28D6F220002C85CA /* CongratsProgressView.swift */,
			);
			path = Views;
			sourceTree = "<group>";
		};
		86F636F128D6EBF8002C85CA /* Store */ = {
			isa = PBXGroup;
			children = (
				86F636F228D6EBF8002C85CA /* CongratsActionCreator.swift */,
				86F636F328D6EBF8002C85CA /* CongratsProps.swift */,
				86F636F428D6EBF8002C85CA /* CongratsStore.swift */,
			);
			path = Store;
			sourceTree = "<group>";
		};
		86F6370128D6F74E002C85CA /* Results */ = {
			isa = PBXGroup;
			children = (
				86F6370328D6F74E002C85CA /* ResultsViewController.swift */,
				86F6370428D6F74E002C85CA /* Views */,
				86F6370628D6F74E002C85CA /* Store */,
			);
			path = Results;
			sourceTree = "<group>";
		};
		86F6370428D6F74E002C85CA /* Views */ = {
			isa = PBXGroup;
			children = (
				86F6370528D6F74E002C85CA /* ResultsView.swift */,
				86F6371228D6F8AF002C85CA /* ResultsitemCell.swift */,
			);
			path = Views;
			sourceTree = "<group>";
		};
		86F6370628D6F74E002C85CA /* Store */ = {
			isa = PBXGroup;
			children = (
				86F6370728D6F74E002C85CA /* ResultsProps.swift */,
				86F6370828D6F74E002C85CA /* ResultsStore.swift */,
				86F6370928D6F74E002C85CA /* ResultsActionCreator.swift */,
			);
			path = Store;
			sourceTree = "<group>";
		};
		A12FBEE628D706CA008D62CB /* DeadRussion */ = {
			isa = PBXGroup;
			children = (
				A12FBEE728D706FE008D62CB /* DeadRussionViewController.swift */,
				A12FBEEB28D70718008D62CB /* View */,
			);
			path = DeadRussion;
			sourceTree = "<group>";
		};
		A12FBEEB28D70718008D62CB /* View */ = {
			isa = PBXGroup;
			children = (
				A12FBEE928D7070A008D62CB /* DeadRussionView.swift */,
			);
			path = View;
			sourceTree = "<group>";
		};
/* End PBXGroup section */

/* Begin PBXNativeTarget section */
		86DF32B028D63B3100F30F3A /* TrueUkrainian */ = {
			isa = PBXNativeTarget;
			buildConfigurationList = 86DF32C528D63B3200F30F3A /* Build configuration list for PBXNativeTarget "TrueUkrainian" */;
			buildPhases = (
				86DF32AD28D63B3100F30F3A /* Sources */,
				86DF32AE28D63B3100F30F3A /* Frameworks */,
				86DF32AF28D63B3100F30F3A /* Resources */,
			);
			buildRules = (
			);
			dependencies = (
			);
			name = TrueUkrainian;
			productName = TrueUkrainian;
			productReference = 86DF32B128D63B3100F30F3A /* TrueUkrainian.app */;
			productType = "com.apple.product-type.application";
		};
/* End PBXNativeTarget section */

/* Begin PBXProject section */
		86DF32A928D63B3100F30F3A /* Project object */ = {
			isa = PBXProject;
			attributes = {
				BuildIndependentTargetsInParallel = 1;
				LastSwiftUpdateCheck = 1400;
				LastUpgradeCheck = 1400;
				TargetAttributes = {
					86DF32B028D63B3100F30F3A = {
						CreatedOnToolsVersion = 14.0;
					};
				};
			};
			buildConfigurationList = 86DF32AC28D63B3100F30F3A /* Build configuration list for PBXProject "TrueUkrainian" */;
			compatibilityVersion = "Xcode 14.0";
			developmentRegion = en;
			hasScannedForEncodings = 0;
			knownRegions = (
				en,
				Base,
			);
			mainGroup = 86DF32A828D63B3100F30F3A;
			productRefGroup = 86DF32B228D63B3100F30F3A /* Products */;
			projectDirPath = "";
			projectRoot = "";
			targets = (
				86DF32B028D63B3100F30F3A /* TrueUkrainian */,
			);
		};
/* End PBXProject section */

/* Begin PBXResourcesBuildPhase section */
		86DF32AF28D63B3100F30F3A /* Resources */ = {
			isa = PBXResourcesBuildPhase;
			buildActionMask = 2147483647;
			files = (
				86DF32C128D63B3200F30F3A /* LaunchScreen.storyboard in Resources */,
				86DF32BE28D63B3200F30F3A /* Assets.xcassets in Resources */,
			);
			runOnlyForDeploymentPostprocessing = 0;
		};
/* End PBXResourcesBuildPhase section */

/* Begin PBXSourcesBuildPhase section */
		86DF32AD28D63B3100F30F3A /* Sources */ = {
			isa = PBXSourcesBuildPhase;
			buildActionMask = 2147483647;
			files = (
				86DF330A28D63FA600F30F3A /* AnyIdentifiable.swift in Sources */,
				A12FBEEA28D7070A008D62CB /* DeadRussionView.swift in Sources */,
				86F636F728D6EBF8002C85CA /* CongratsView.swift in Sources */,
				86DF331328D6492500F30F3A /* UIColor+Generated.swift in Sources */,
				86DF32CF28D63C3C00F30F3A /* AppCoordinator.swift in Sources */,
				86F6371528D6F8C1002C85CA /* ReusableCell.swift in Sources */,
				86DF32FF28D63F1900F30F3A /* HomeStore.swift in Sources */,
				86DF332628D64F1200F30F3A /* CategoryView.swift in Sources */,
				86DF330E28D6415100F30F3A /* UIView+TU.swift in Sources */,
				86F636DD28D6DC70002C85CA /* Quiz.swift in Sources */,
				86DF330528D63F1900F30F3A /* KnowledgeStore.swift in Sources */,
				A154185528D6EEF1001C4137 /* ProfileRatingView.swift in Sources */,
				86DF332728D64F1200F30F3A /* CategoryActionCreator.swift in Sources */,
				86DF32FE28D63F1900F30F3A /* HomeView.swift in Sources */,
				86F6370B28D6F74E002C85CA /* ResultsViewController.swift in Sources */,
				86DF32FB28D63F1900F30F3A /* ProfileStore.swift in Sources */,
				86DF333C28D66AEF00F30F3A /* KnowledgeCategoryViewController.swift in Sources */,
				86DF330828D63F4800F30F3A /* Redux.swift in Sources */,
				86DF32F928D63F1900F30F3A /* ProfileView.swift in Sources */,
				86F636F828D6EBF8002C85CA /* CongratsActionCreator.swift in Sources */,
				86F636F928D6EBF8002C85CA /* CongratsProps.swift in Sources */,
				86F636C228D6CCD9002C85CA /* CategorySettingsView.swift in Sources */,
				86F636F628D6EBF8002C85CA /* CongratsViewController.swift in Sources */,
				86F6371728D6F8D9002C85CA /* UICollectionView+TU.swift in Sources */,
				86DF332928D64F1200F30F3A /* CategoryStore.swift in Sources */,
				86F6371328D6F8AF002C85CA /* ResultsitemCell.swift in Sources */,
				86DF333D28D66AEF00F30F3A /* KnowledgeCategoryView.swift in Sources */,
				86DF330428D63F1900F30F3A /* KnowledgeActionCreator.swift in Sources */,
				86DF333F28D66AEF00F30F3A /* KnowledgeCategoryActionCreator.swift in Sources */,
				86DF331728D64E8500F30F3A /* Category.swift in Sources */,
				86F6371928D6F8EB002C85CA /* UICollectionViewDiffableDataSource+TU.swift in Sources */,
				86F636E628D6E7F7002C85CA /* AlertView.swift in Sources */,
				86DF331128D6464700F30F3A /* UIImage+Generated.swift in Sources */,
				86DF32D928D63DEE00F30F3A /* ProfileCoordinator.swift in Sources */,
				86DF334028D66AEF00F30F3A /* KnowledgeCategoryProps.swift in Sources */,
				86F636D128D6D054002C85CA /* QuestionView.swift in Sources */,
				86F6370E28D6F74E002C85CA /* ResultsStore.swift in Sources */,
				86F6371B28D6FF5F002C85CA /* String+TU.swift in Sources */,
				86DF332F28D6682F00F30F3A /* KnowledgeCategoryTypeView.swift in Sources */,
				86DF330128D63F1900F30F3A /* HomeActionCreator.swift in Sources */,
				86DF330228D63F1900F30F3A /* KnowledgeViewController.swift in Sources */,
				86DF32FC28D63F1900F30F3A /* ProfileActionCreator.swift in Sources */,
				86F6370C28D6F74E002C85CA /* ResultsView.swift in Sources */,
				86F636D028D6D054002C85CA /* QuestionViewController.swift in Sources */,
				A154185328D6EEB6001C4137 /* ProfileAvatarView.swift in Sources */,
				86F636D928D6D62F002C85CA /* QuestionInfoView.swift in Sources */,
				86F636D328D6D054002C85CA /* QuestionActionCreator.swift in Sources */,
				86DF330028D63F1900F30F3A /* HomeProps.swift in Sources */,
				86DF332828D64F1200F30F3A /* CategoryProps.swift in Sources */,
				86F636FE28D6F220002C85CA /* CongratsProgressView.swift in Sources */,
				86DF330C28D6412B00F30F3A /* CALayer+TU.swift in Sources */,
				86F636E128D6DE6A002C85CA /* ActiveQuiz.swift in Sources */,
				86DF332528D64F1200F30F3A /* CategoryViewController.swift in Sources */,
				86DF333E28D66AEF00F30F3A /* KnowledgeCategoryStore.swift in Sources */,
				86DF32D128D63C8E00F30F3A /* Coordinating.swift in Sources */,
				86F636DF28D6DD18002C85CA /* QuizProvider.swift in Sources */,
				86DF330328D63F1900F30F3A /* KnowledgeView.swift in Sources */,
				86DF32FA28D63F1900F30F3A /* ProfileProps.swift in Sources */,
				86F636D728D6D314002C85CA /* ProgressView.swift in Sources */,
				86DF330628D63F1900F30F3A /* KnowledgeProps.swift in Sources */,
				86F636E428D6E7EC002C85CA /* AlertViewController.swift in Sources */,
				86DF331528D64C5F00F30F3A /* HomeCategoryView.swift in Sources */,
				86DF32D328D63CE100F30F3A /* TabBarCoordinator.swift in Sources */,
				86DF32B528D63B3100F30F3A /* AppDelegate.swift in Sources */,
				86DF32D528D63DE300F30F3A /* KnowledgeCoordinator.swift in Sources */,
				86DF332D28D664C900F30F3A /* BaseNavigationController.swift in Sources */,
				86DF32F828D63F1900F30F3A /* ProfileViewController.swift in Sources */,
				86F636E828D6E809002C85CA /* AlertContentView.swift in Sources */,
				86F636DB28D6D6E8002C85CA /* QuestionAnswerView.swift in Sources */,
				86F636D528D6D054002C85CA /* QuestionStore.swift in Sources */,
				86F636D428D6D054002C85CA /* QuestionProps.swift in Sources */,
				86F636FA28D6EBF8002C85CA /* CongratsStore.swift in Sources */,
				86F6370F28D6F74E002C85CA /* ResultsActionCreator.swift in Sources */,
				86DF32FD28D63F1900F30F3A /* HomeViewController.swift in Sources */,
				A154185728D6EF4A001C4137 /* ProfileResultView.swift in Sources */,
				86DF32D728D63DE800F30F3A /* HomeCoordinator.swift in Sources */,
				86F636C428D6CDD4002C85CA /* Button.swift in Sources */,
				A12FBEE828D706FE008D62CB /* DeadRussionViewController.swift in Sources */,
				86F6370D28D6F74E002C85CA /* ResultsProps.swift in Sources */,
			);
			runOnlyForDeploymentPostprocessing = 0;
		};
/* End PBXSourcesBuildPhase section */

/* Begin PBXVariantGroup section */
		86DF32BF28D63B3200F30F3A /* LaunchScreen.storyboard */ = {
			isa = PBXVariantGroup;
			children = (
				86DF32C028D63B3200F30F3A /* Base */,
			);
			name = LaunchScreen.storyboard;
			sourceTree = "<group>";
		};
/* End PBXVariantGroup section */

/* Begin XCBuildConfiguration section */
		86DF32C328D63B3200F30F3A /* Debug */ = {
			isa = XCBuildConfiguration;
			buildSettings = {
				ALWAYS_SEARCH_USER_PATHS = NO;
				CLANG_ANALYZER_NONNULL = YES;
				CLANG_ANALYZER_NUMBER_OBJECT_CONVERSION = YES_AGGRESSIVE;
				CLANG_CXX_LANGUAGE_STANDARD = "gnu++20";
				CLANG_ENABLE_MODULES = YES;
				CLANG_ENABLE_OBJC_ARC = YES;
				CLANG_ENABLE_OBJC_WEAK = YES;
				CLANG_WARN_BLOCK_CAPTURE_AUTORELEASING = YES;
				CLANG_WARN_BOOL_CONVERSION = YES;
				CLANG_WARN_COMMA = YES;
				CLANG_WARN_CONSTANT_CONVERSION = YES;
				CLANG_WARN_DEPRECATED_OBJC_IMPLEMENTATIONS = YES;
				CLANG_WARN_DIRECT_OBJC_ISA_USAGE = YES_ERROR;
				CLANG_WARN_DOCUMENTATION_COMMENTS = YES;
				CLANG_WARN_EMPTY_BODY = YES;
				CLANG_WARN_ENUM_CONVERSION = YES;
				CLANG_WARN_INFINITE_RECURSION = YES;
				CLANG_WARN_INT_CONVERSION = YES;
				CLANG_WARN_NON_LITERAL_NULL_CONVERSION = YES;
				CLANG_WARN_OBJC_IMPLICIT_RETAIN_SELF = YES;
				CLANG_WARN_OBJC_LITERAL_CONVERSION = YES;
				CLANG_WARN_OBJC_ROOT_CLASS = YES_ERROR;
				CLANG_WARN_QUOTED_INCLUDE_IN_FRAMEWORK_HEADER = YES;
				CLANG_WARN_RANGE_LOOP_ANALYSIS = YES;
				CLANG_WARN_STRICT_PROTOTYPES = YES;
				CLANG_WARN_SUSPICIOUS_MOVE = YES;
				CLANG_WARN_UNGUARDED_AVAILABILITY = YES_AGGRESSIVE;
				CLANG_WARN_UNREACHABLE_CODE = YES;
				CLANG_WARN__DUPLICATE_METHOD_MATCH = YES;
				COPY_PHASE_STRIP = NO;
				DEBUG_INFORMATION_FORMAT = dwarf;
				ENABLE_STRICT_OBJC_MSGSEND = YES;
				ENABLE_TESTABILITY = YES;
				GCC_C_LANGUAGE_STANDARD = gnu11;
				GCC_DYNAMIC_NO_PIC = NO;
				GCC_NO_COMMON_BLOCKS = YES;
				GCC_OPTIMIZATION_LEVEL = 0;
				GCC_PREPROCESSOR_DEFINITIONS = (
					"DEBUG=1",
					"$(inherited)",
				);
				GCC_WARN_64_TO_32_BIT_CONVERSION = YES;
				GCC_WARN_ABOUT_RETURN_TYPE = YES_ERROR;
				GCC_WARN_UNDECLARED_SELECTOR = YES;
				GCC_WARN_UNINITIALIZED_AUTOS = YES_AGGRESSIVE;
				GCC_WARN_UNUSED_FUNCTION = YES;
				GCC_WARN_UNUSED_VARIABLE = YES;
				IPHONEOS_DEPLOYMENT_TARGET = 16.0;
				MTL_ENABLE_DEBUG_INFO = INCLUDE_SOURCE;
				MTL_FAST_MATH = YES;
				ONLY_ACTIVE_ARCH = YES;
				SDKROOT = iphoneos;
				SWIFT_ACTIVE_COMPILATION_CONDITIONS = DEBUG;
				SWIFT_OPTIMIZATION_LEVEL = "-Onone";
			};
			name = Debug;
		};
		86DF32C428D63B3200F30F3A /* Release */ = {
			isa = XCBuildConfiguration;
			buildSettings = {
				ALWAYS_SEARCH_USER_PATHS = NO;
				CLANG_ANALYZER_NONNULL = YES;
				CLANG_ANALYZER_NUMBER_OBJECT_CONVERSION = YES_AGGRESSIVE;
				CLANG_CXX_LANGUAGE_STANDARD = "gnu++20";
				CLANG_ENABLE_MODULES = YES;
				CLANG_ENABLE_OBJC_ARC = YES;
				CLANG_ENABLE_OBJC_WEAK = YES;
				CLANG_WARN_BLOCK_CAPTURE_AUTORELEASING = YES;
				CLANG_WARN_BOOL_CONVERSION = YES;
				CLANG_WARN_COMMA = YES;
				CLANG_WARN_CONSTANT_CONVERSION = YES;
				CLANG_WARN_DEPRECATED_OBJC_IMPLEMENTATIONS = YES;
				CLANG_WARN_DIRECT_OBJC_ISA_USAGE = YES_ERROR;
				CLANG_WARN_DOCUMENTATION_COMMENTS = YES;
				CLANG_WARN_EMPTY_BODY = YES;
				CLANG_WARN_ENUM_CONVERSION = YES;
				CLANG_WARN_INFINITE_RECURSION = YES;
				CLANG_WARN_INT_CONVERSION = YES;
				CLANG_WARN_NON_LITERAL_NULL_CONVERSION = YES;
				CLANG_WARN_OBJC_IMPLICIT_RETAIN_SELF = YES;
				CLANG_WARN_OBJC_LITERAL_CONVERSION = YES;
				CLANG_WARN_OBJC_ROOT_CLASS = YES_ERROR;
				CLANG_WARN_QUOTED_INCLUDE_IN_FRAMEWORK_HEADER = YES;
				CLANG_WARN_RANGE_LOOP_ANALYSIS = YES;
				CLANG_WARN_STRICT_PROTOTYPES = YES;
				CLANG_WARN_SUSPICIOUS_MOVE = YES;
				CLANG_WARN_UNGUARDED_AVAILABILITY = YES_AGGRESSIVE;
				CLANG_WARN_UNREACHABLE_CODE = YES;
				CLANG_WARN__DUPLICATE_METHOD_MATCH = YES;
				COPY_PHASE_STRIP = NO;
				DEBUG_INFORMATION_FORMAT = "dwarf-with-dsym";
				ENABLE_NS_ASSERTIONS = NO;
				ENABLE_STRICT_OBJC_MSGSEND = YES;
				GCC_C_LANGUAGE_STANDARD = gnu11;
				GCC_NO_COMMON_BLOCKS = YES;
				GCC_WARN_64_TO_32_BIT_CONVERSION = YES;
				GCC_WARN_ABOUT_RETURN_TYPE = YES_ERROR;
				GCC_WARN_UNDECLARED_SELECTOR = YES;
				GCC_WARN_UNINITIALIZED_AUTOS = YES_AGGRESSIVE;
				GCC_WARN_UNUSED_FUNCTION = YES;
				GCC_WARN_UNUSED_VARIABLE = YES;
				IPHONEOS_DEPLOYMENT_TARGET = 16.0;
				MTL_ENABLE_DEBUG_INFO = NO;
				MTL_FAST_MATH = YES;
				SDKROOT = iphoneos;
				SWIFT_COMPILATION_MODE = wholemodule;
				SWIFT_OPTIMIZATION_LEVEL = "-O";
				VALIDATE_PRODUCT = YES;
			};
			name = Release;
		};
		86DF32C628D63B3200F30F3A /* Debug */ = {
			isa = XCBuildConfiguration;
			buildSettings = {
				ASSETCATALOG_COMPILER_APPICON_NAME = AppIcon;
				ASSETCATALOG_COMPILER_GLOBAL_ACCENT_COLOR_NAME = AccentColor;
				CODE_SIGN_STYLE = Automatic;
				CURRENT_PROJECT_VERSION = 1;
				DEVELOPMENT_TEAM = ESG9RMF2GN;
				GENERATE_INFOPLIST_FILE = YES;
				INFOPLIST_FILE = TrueUkrainian/App/Info.plist;
				INFOPLIST_KEY_CFBundleDisplayName = "True Ukrainian";
				INFOPLIST_KEY_UIApplicationSupportsIndirectInputEvents = YES;
				INFOPLIST_KEY_UILaunchStoryboardName = LaunchScreen;
				INFOPLIST_KEY_UISupportedInterfaceOrientations = UIInterfaceOrientationPortrait;
				LD_RUNPATH_SEARCH_PATHS = (
					"$(inherited)",
					"@executable_path/Frameworks",
				);
				MARKETING_VERSION = 1.0;
				PRODUCT_BUNDLE_IDENTIFIER = com.uptech.TrueUkrainian;
				PRODUCT_NAME = "$(TARGET_NAME)";
				SUPPORTED_PLATFORMS = "iphoneos iphonesimulator";
				SUPPORTS_MACCATALYST = NO;
				SUPPORTS_MAC_DESIGNED_FOR_IPHONE_IPAD = NO;
				SWIFT_EMIT_LOC_STRINGS = YES;
				SWIFT_VERSION = 5.0;
				TARGETED_DEVICE_FAMILY = 1;
			};
			name = Debug;
		};
		86DF32C728D63B3200F30F3A /* Release */ = {
			isa = XCBuildConfiguration;
			buildSettings = {
				ASSETCATALOG_COMPILER_APPICON_NAME = AppIcon;
				ASSETCATALOG_COMPILER_GLOBAL_ACCENT_COLOR_NAME = AccentColor;
				CODE_SIGN_STYLE = Automatic;
				CURRENT_PROJECT_VERSION = 1;
				DEVELOPMENT_TEAM = ESG9RMF2GN;
				GENERATE_INFOPLIST_FILE = YES;
				INFOPLIST_FILE = TrueUkrainian/App/Info.plist;
				INFOPLIST_KEY_CFBundleDisplayName = "True Ukrainian";
				INFOPLIST_KEY_UIApplicationSupportsIndirectInputEvents = YES;
				INFOPLIST_KEY_UILaunchStoryboardName = LaunchScreen;
				INFOPLIST_KEY_UISupportedInterfaceOrientations = UIInterfaceOrientationPortrait;
				LD_RUNPATH_SEARCH_PATHS = (
					"$(inherited)",
					"@executable_path/Frameworks",
				);
				MARKETING_VERSION = 1.0;
				PRODUCT_BUNDLE_IDENTIFIER = com.uptech.TrueUkrainian;
				PRODUCT_NAME = "$(TARGET_NAME)";
				SUPPORTED_PLATFORMS = "iphoneos iphonesimulator";
				SUPPORTS_MACCATALYST = NO;
				SUPPORTS_MAC_DESIGNED_FOR_IPHONE_IPAD = NO;
				SWIFT_EMIT_LOC_STRINGS = YES;
				SWIFT_VERSION = 5.0;
				TARGETED_DEVICE_FAMILY = 1;
			};
			name = Release;
		};
/* End XCBuildConfiguration section */

/* Begin XCConfigurationList section */
		86DF32AC28D63B3100F30F3A /* Build configuration list for PBXProject "TrueUkrainian" */ = {
			isa = XCConfigurationList;
			buildConfigurations = (
				86DF32C328D63B3200F30F3A /* Debug */,
				86DF32C428D63B3200F30F3A /* Release */,
			);
			defaultConfigurationIsVisible = 0;
			defaultConfigurationName = Release;
		};
		86DF32C528D63B3200F30F3A /* Build configuration list for PBXNativeTarget "TrueUkrainian" */ = {
			isa = XCConfigurationList;
			buildConfigurations = (
				86DF32C628D63B3200F30F3A /* Debug */,
				86DF32C728D63B3200F30F3A /* Release */,
			);
			defaultConfigurationIsVisible = 0;
			defaultConfigurationName = Release;
		};
/* End XCConfigurationList section */
	};
	rootObject = 86DF32A928D63B3100F30F3A /* Project object */;
}
